
Microsoft Visual Studio Solution File, Format Version 12.00
Project("{FAE04EC0-301F-11D3-BF4B-00C04F79EFBC}") = "EntertainmentDatabase.Web", "EntertainmentDatabase.Web\EntertainmentDatabase.Web.csproj", "{7A845AB5-51A5-4A4F-A1C5-00EB70A53112}"
EndProject
Global
	GlobalSection(SolutionConfigurationPlatforms) = preSolution
		Debug|Any CPU = Debug|Any CPU
		Release|Any CPU = Release|Any CPU
	EndGlobalSection
	GlobalSection(ProjectConfigurationPlatforms) = postSolution
		{7A845AB5-51A5-4A4F-A1C5-00EB70A53112}.Debug|Any CPU.ActiveCfg = Debug|Any CPU
		{7A845AB5-51A5-4A4F-A1C5-00EB70A53112}.Debug|Any CPU.Build.0 = Debug|Any CPU
		{7A845AB5-51A5-4A4F-A1C5-00EB70A53112}.Release|Any CPU.ActiveCfg = Release|Any CPU
		{7A845AB5-51A5-4A4F-A1C5-00EB70A53112}.Release|Any CPU.Build.0 = Release|Any CPU
	EndGlobalSection
EndGlobal
